
Microsoft Visual Studio Solution File, Format Version 12.00
# Visual Studio 15
VisualStudioVersion = 15.0.27703.2026
MinimumVisualStudioVersion = 10.0.40219.1
Project("{8BC9CEB8-8B4A-11D0-8D11-00A0C91BC942}") = "GMU", "gmu.vcxproj", "{A1194733-9AAB-4E57-92A2-CF196007F2F0}"
EndProject
Global
	GlobalSection(SolutionConfigurationPlatforms) = preSolution
		Release|x64 = Release|x64
	EndGlobalSection
	GlobalSection(ProjectConfigurationPlatforms) = postSolution
		{A1194733-9AAB-4E57-92A2-CF196007F2F0}.Release|x64.ActiveCfg = Release|x64
		{A1194733-9AAB-4E57-92A2-CF196007F2F0}.Release|x64.Build.0 = Release|x64
	EndGlobalSection
	GlobalSection(SolutionProperties) = preSolution
		HideSolutionNode = FALSE
	EndGlobalSection
	GlobalSection(ExtensibilityGlobals) = postSolution
		SolutionGuid = {4E56CFB4-AA38-4FE3-B8CD-E562F68CBBAE}
	EndGlobalSection
EndGlobal
